<Project xmlns="http://schemas.microsoft.com/developer/msbuild/2003">
    <PropertyGroup>
        <ProjectGuid>{3E6B9872-303E-4E93-86C0-D00F50EF2473}</ProjectGuid>
        <ProjectVersion>15.1</ProjectVersion>
        <FrameworkType>FMX</FrameworkType>
        <MainSource>development.dpr</MainSource>
        <Base>True</Base>
        <Config Condition="'$(Config)'==''">Debug</Config>
        <Platform Condition="'$(Platform)'==''">Win32</Platform>
        <TargetedPlatforms>19</TargetedPlatforms>
        <AppType>Console</AppType>
        <DCC_DCCCompiler>DCC32</DCC_DCCCompiler>
    </PropertyGroup>
    <PropertyGroup Condition="'$(Config)'=='Base' or '$(Base)'!=''">
        <Base>true</Base>
    </PropertyGroup>
    <PropertyGroup Condition="'$(Config)'=='Debug' or '$(Cfg_1)'!=''">
        <Cfg_1>true</Cfg_1>
        <CfgParent>Base</CfgParent>
        <Base>true</Base>
    </PropertyGroup>
    <PropertyGroup Condition="('$(Platform)'=='Win32' and '$(Cfg_1)'=='true') or '$(Cfg_1_Win32)'!=''">
        <Cfg_1_Win32>true</Cfg_1_Win32>
        <CfgParent>Cfg_1</CfgParent>
        <Cfg_1>true</Cfg_1>
        <Base>true</Base>
    </PropertyGroup>
    <PropertyGroup Condition="('$(Platform)'=='Win64' and '$(Cfg_1)'=='true') or '$(Cfg_1_Win64)'!=''">
        <Cfg_1_Win64>true</Cfg_1_Win64>
        <CfgParent>Cfg_1</CfgParent>
        <Cfg_1>true</Cfg_1>
        <Base>true</Base>
    </PropertyGroup>
    <PropertyGroup Condition="'$(Config)'=='GenerateLookups' or '$(Cfg_3)'!=''">
        <Cfg_3>true</Cfg_3>
        <CfgParent>Cfg_1</CfgParent>
        <Cfg_1>true</Cfg_1>
        <Base>true</Base>
    </PropertyGroup>
    <PropertyGroup Condition="'$(Config)'=='CPFAPI' or '$(Cfg_4)'!=''">
        <Cfg_4>true</Cfg_4>
        <CfgParent>Cfg_1</CfgParent>
        <Cfg_1>true</Cfg_1>
        <Base>true</Base>
    </PropertyGroup>
    <PropertyGroup Condition="'$(Config)'=='CPFLIB + CPFAPI' or '$(Cfg_5)'!=''">
        <Cfg_5>true</Cfg_5>
        <CfgParent>Cfg_1</CfgParent>
        <Cfg_1>true</Cfg_1>
        <Base>true</Base>
    </PropertyGroup>
    <PropertyGroup Condition="'$(Config)'=='CPFLOG' or '$(Cfg_6)'!=''">
        <Cfg_6>true</Cfg_6>
        <CfgParent>Cfg_1</CfgParent>
        <Cfg_1>true</Cfg_1>
        <Base>true</Base>
    </PropertyGroup>
    <PropertyGroup Condition="'$(Config)'=='Release' or '$(Cfg_2)'!=''">
        <Cfg_2>true</Cfg_2>
        <CfgParent>Base</CfgParent>
        <Base>true</Base>
    </PropertyGroup>
    <PropertyGroup Condition="('$(Platform)'=='Android' and '$(Cfg_2)'=='true') or '$(Cfg_2_Android)'!=''">
        <Cfg_2_Android>true</Cfg_2_Android>
        <CfgParent>Cfg_2</CfgParent>
        <Cfg_2>true</Cfg_2>
        <Base>true</Base>
    </PropertyGroup>
    <PropertyGroup Condition="'$(Config)'=='objs' or '$(Cfg_7)'!=''">
        <Cfg_7>true</Cfg_7>
        <CfgParent>Cfg_2</CfgParent>
        <Cfg_2>true</Cfg_2>
        <Base>true</Base>
    </PropertyGroup>
    <PropertyGroup Condition="('$(Platform)'=='Android' and '$(Cfg_7)'=='true') or '$(Cfg_7_Android)'!=''">
        <Cfg_7_Android>true</Cfg_7_Android>
        <CfgParent>Cfg_7</CfgParent>
        <Cfg_7>true</Cfg_7>
        <Cfg_2>true</Cfg_2>
        <Base>true</Base>
    </PropertyGroup>
    <PropertyGroup Condition="('$(Platform)'=='Win32' and '$(Cfg_7)'=='true') or '$(Cfg_7_Win32)'!=''">
        <Cfg_7_Win32>true</Cfg_7_Win32>
        <CfgParent>Cfg_7</CfgParent>
        <Cfg_7>true</Cfg_7>
        <Cfg_2>true</Cfg_2>
        <Base>true</Base>
    </PropertyGroup>
    <PropertyGroup Condition="'$(Base)'!=''">
        <DCC_DependencyCheckOutputName>development.exe</DCC_DependencyCheckOutputName>
        <DCC_UnitSearchPath>..\sources;$(DCC_UnitSearchPath)</DCC_UnitSearchPath>
        <Manifest_File>$(BDS)\bin\default_app.manifest</Manifest_File>
        <DCC_Namespace>System;Xml;Data;Datasnap;Web;Soap;$(DCC_Namespace)</DCC_Namespace>
        <DCC_TypedAtParameter>true</DCC_TypedAtParameter>
        <DCC_Alignment>4</DCC_Alignment>
        <DCC_DcuOutput>dcu</DCC_DcuOutput>
        <DCC_E>false</DCC_E>
        <DCC_N>false</DCC_N>
        <DCC_S>false</DCC_S>
        <DCC_F>false</DCC_F>
        <DCC_K>false</DCC_K>
    </PropertyGroup>
    <PropertyGroup Condition="'$(Cfg_1)'!=''">
        <DCC_IntegerOverflowCheck>true</DCC_IntegerOverflowCheck>
        <DCC_RangeChecking>true</DCC_RangeChecking>
        <DCC_Define>DEBUG;$(DCC_Define)</DCC_Define>
        <DCC_DebugDCUs>true</DCC_DebugDCUs>
        <DCC_Optimize>false</DCC_Optimize>
        <DCC_GenerateStackFrames>true</DCC_GenerateStackFrames>
        <DCC_RemoteDebug>true</DCC_RemoteDebug>
    </PropertyGroup>
    <PropertyGroup Condition="'$(Cfg_1_Win32)'!=''">
        <DCC_ConsoleTarget>true</DCC_ConsoleTarget>
        <VerInfo_Locale>1049</VerInfo_Locale>
    </PropertyGroup>
    <PropertyGroup Condition="'$(Cfg_1_Win64)'!=''">
        <VerInfo_Locale>1049</VerInfo_Locale>
        <DCC_ConsoleTarget>true</DCC_ConsoleTarget>
    </PropertyGroup>
    <PropertyGroup Condition="'$(Cfg_3)'!=''">
        <DCC_Define>CPF_GENERATE_LOOKUPS;$(DCC_Define)</DCC_Define>
    </PropertyGroup>
    <PropertyGroup Condition="'$(Cfg_4)'!=''">
        <DCC_Define>CPFAPI;$(DCC_Define)</DCC_Define>
    </PropertyGroup>
    <PropertyGroup Condition="'$(Cfg_5)'!=''">
        <DCC_Define>CPFLIB;$(DCC_Define)</DCC_Define>
    </PropertyGroup>
    <PropertyGroup Condition="'$(Cfg_6)'!=''">
        <DCC_Define>CPFLOG;$(DCC_Define)</DCC_Define>
    </PropertyGroup>
    <PropertyGroup Condition="'$(Cfg_2)'!=''">
        <DCC_Define>RELEASE;$(DCC_Define)</DCC_Define>
    </PropertyGroup>
    <PropertyGroup Condition="'$(Cfg_2_Android)'!=''">
        <VerInfo_Build>1</VerInfo_Build>
        <VerInfo_Keys>versionCode=1</VerInfo_Keys>
    </PropertyGroup>
    <PropertyGroup Condition="'$(Cfg_7)'!=''">
        <PostBuildEvent><![CDATA[del objs\$(Platform)\*.dcu
del objs\$(Platform)\development.*
del objs\$(Platform)\TestUnit.*
$(PostBuildEvent)]]></PostBuildEvent>
        <DCC_DcuOutput>objs\$(Platform)</DCC_DcuOutput>
        <DCC_CBuilderOutput>J</DCC_CBuilderOutput>
        <DCC_Define>CPFLIBEX;$(DCC_Define)</DCC_Define>
    </PropertyGroup>
    <PropertyGroup Condition="'$(Cfg_7_Android)'!=''">
        <VerInfo_Build>1</VerInfo_Build>
    </PropertyGroup>
    <PropertyGroup Condition="'$(Cfg_7_Win32)'!=''">
        <VerInfo_Locale>1049</VerInfo_Locale>
    </PropertyGroup>
    <ItemGroup>
        <DelphiCompile Include="$(MainSource)">
            <MainSource>MainSource</MainSource>
        </DelphiCompile>
        <DCCReference Include="TestUnit.pas"/>
        <DCCReference Include="..\sources\CrystalPathFinding.pas"/>
        <BuildConfiguration Include="CPFAPI">
            <Key>Cfg_4</Key>
            <CfgParent>Cfg_1</CfgParent>
        </BuildConfiguration>
        <BuildConfiguration Include="CPFLIB + CPFAPI">
            <Key>Cfg_5</Key>
            <CfgParent>Cfg_1</CfgParent>
        </BuildConfiguration>
        <BuildConfiguration Include="CPFLOG">
            <Key>Cfg_6</Key>
            <CfgParent>Cfg_1</CfgParent>
        </BuildConfiguration>
        <BuildConfiguration Include="objs">
            <Key>Cfg_7</Key>
            <CfgParent>Cfg_2</CfgParent>
        </BuildConfiguration>
        <BuildConfiguration Include="Base">
            <Key>Base</Key>
        </BuildConfiguration>
        <BuildConfiguration Include="Release">
            <Key>Cfg_2</Key>
            <CfgParent>Base</CfgParent>
        </BuildConfiguration>
        <BuildConfiguration Include="GenerateLookups">
            <Key>Cfg_3</Key>
            <CfgParent>Cfg_1</CfgParent>
        </BuildConfiguration>
        <BuildConfiguration Include="Debug">
            <Key>Cfg_1</Key>
            <CfgParent>Base</CfgParent>
        </BuildConfiguration>
    </ItemGroup>
    <Import Project="$(BDS)\Bin\CodeGear.Delphi.Targets" Condition="Exists('$(BDS)\Bin\CodeGear.Delphi.Targets')"/>
    <ProjectExtensions>
        <Borland.Personality>Delphi.Personality.12</Borland.Personality>
        <Borland.ProjectType/>
        <BorlandProject>
            <Delphi.Personality>
                <VersionInfo>
                    <VersionInfo Name="IncludeVerInfo">False</VersionInfo>
                    <VersionInfo Name="AutoIncBuild">False</VersionInfo>
                    <VersionInfo Name="MajorVer">1</VersionInfo>
                    <VersionInfo Name="MinorVer">0</VersionInfo>
                    <VersionInfo Name="Release">0</VersionInfo>
                    <VersionInfo Name="Build">0</VersionInfo>
                    <VersionInfo Name="Debug">False</VersionInfo>
                    <VersionInfo Name="PreRelease">False</VersionInfo>
                    <VersionInfo Name="Special">False</VersionInfo>
                    <VersionInfo Name="Private">False</VersionInfo>
                    <VersionInfo Name="DLL">False</VersionInfo>
                    <VersionInfo Name="Locale">1049</VersionInfo>
                    <VersionInfo Name="CodePage">1251</VersionInfo>
                </VersionInfo>
                <VersionInfoKeys>
                    <VersionInfoKeys Name="CompanyName"/>
                    <VersionInfoKeys Name="FileDescription"/>
                    <VersionInfoKeys Name="FileVersion">1.0.0.0</VersionInfoKeys>
                    <VersionInfoKeys Name="InternalName"/>
                    <VersionInfoKeys Name="LegalCopyright"/>
                    <VersionInfoKeys Name="LegalTrademarks"/>
                    <VersionInfoKeys Name="OriginalFilename"/>
                    <VersionInfoKeys Name="ProductName"/>
                    <VersionInfoKeys Name="ProductVersion">1.0.0.0</VersionInfoKeys>
                    <VersionInfoKeys Name="Comments"/>
                    <VersionInfoKeys Name="CFBundleName"/>
                    <VersionInfoKeys Name="CFBundleDisplayName"/>
                    <VersionInfoKeys Name="UIDeviceFamily"/>
                    <VersionInfoKeys Name="CFBundleIdentifier"/>
                    <VersionInfoKeys Name="CFBundleVersion"/>
                    <VersionInfoKeys Name="CFBundlePackageType"/>
                    <VersionInfoKeys Name="CFBundleSignature"/>
                    <VersionInfoKeys Name="CFBundleAllowMixedLocalizations"/>
                    <VersionInfoKeys Name="UISupportedInterfaceOrientations"/>
                    <VersionInfoKeys Name="CFBundleExecutable"/>
                    <VersionInfoKeys Name="CFBundleResourceSpecification"/>
                    <VersionInfoKeys Name="LSRequiresIPhoneOS"/>
                    <VersionInfoKeys Name="CFBundleInfoDictionaryVersion"/>
                    <VersionInfoKeys Name="CFBundleDevelopmentRegion"/>
                    <VersionInfoKeys Name="package"/>
                    <VersionInfoKeys Name="label"/>
                    <VersionInfoKeys Name="versionCode"/>
                    <VersionInfoKeys Name="versionName"/>
                    <VersionInfoKeys Name="persistent"/>
                    <VersionInfoKeys Name="restoreAnyVersion"/>
                    <VersionInfoKeys Name="installLocation"/>
                    <VersionInfoKeys Name="largeHeap"/>
                    <VersionInfoKeys Name="theme"/>
                </VersionInfoKeys>
                <Source>
                    <Source Name="MainSource">development.dpr</Source>
                </Source>
                <Excluded_Packages>
                    <Excluded_Packages Name="$(BDSBIN)\dcloffice2k190.bpl">Microsoft Office 2000 Sample Automation Server Wrapper Components</Excluded_Packages>
                    <Excluded_Packages Name="$(BDSBIN)\dclofficexp190.bpl">Microsoft Office XP Sample Automation Server Wrapper Components</Excluded_Packages>
                </Excluded_Packages>
                <Parameters>
                    <Parameters Name="UseLauncher">False</Parameters>
                    <Parameters Name="LoadAllSymbols">True</Parameters>
                    <Parameters Name="LoadUnspecifiedSymbols">False</Parameters>
                </Parameters>
            </Delphi.Personality>
            <Deployment/>
            <Platforms>
                <Platform value="Android" ActiveMobileDevice="rsxe5_android">True</Platform>
                <Platform value="Win32">True</Platform>
                <Platform value="Win64">True</Platform>
            </Platforms>
        </BorlandProject>
        <ProjectFileVersion>12</ProjectFileVersion>
    </ProjectExtensions>
    <Import Project="$(APPDATA)\Embarcadero\$(BDSAPPDATABASEDIR)\$(PRODUCTVERSION)\UserTools.proj" Condition="Exists('$(APPDATA)\Embarcadero\$(BDSAPPDATABASEDIR)\$(PRODUCTVERSION)\UserTools.proj')"/>
    <PropertyGroup Condition="'$(Config)'=='objs' And '$(Platform)'=='Android'">
        <PreBuildEvent/>
        <PreBuildEventIgnoreExitCode>False</PreBuildEventIgnoreExitCode>
        <PreLinkEvent/>
        <PreLinkEventIgnoreExitCode>False</PreLinkEventIgnoreExitCode>
        <PostBuildEvent>del objs\$(Platform)\*.dcu&amp;&amp;del objs\$(Platform)\development.*&amp;&amp;del objs\$(Platform)\TestUnit.*</PostBuildEvent>
        <PostBuildEventIgnoreExitCode>False</PostBuildEventIgnoreExitCode>
    </PropertyGroup>
    <PropertyGroup Condition="'$(Config)'=='objs' And '$(Platform)'=='Win32'">
        <PreBuildEvent/>
        <PreBuildEventIgnoreExitCode>False</PreBuildEventIgnoreExitCode>
        <PreLinkEvent/>
        <PreLinkEventIgnoreExitCode>False</PreLinkEventIgnoreExitCode>
        <PostBuildEvent>del objs\$(Platform)\*.dcu&amp;&amp;del objs\$(Platform)\development.*&amp;&amp;del objs\$(Platform)\TestUnit.*</PostBuildEvent>
        <PostBuildEventIgnoreExitCode>False</PostBuildEventIgnoreExitCode>
    </PropertyGroup>
    <PropertyGroup Condition="'$(Config)'=='objs' And '$(Platform)'=='Win64'">
        <PreBuildEvent/>
        <PreBuildEventIgnoreExitCode>False</PreBuildEventIgnoreExitCode>
        <PreLinkEvent/>
        <PreLinkEventIgnoreExitCode>False</PreLinkEventIgnoreExitCode>
        <PostBuildEvent>del objs\$(Platform)\*.dcu&amp;&amp;del objs\$(Platform)\development.*&amp;&amp;del objs\$(Platform)\TestUnit.*</PostBuildEvent>
        <PostBuildEventIgnoreExitCode>False</PostBuildEventIgnoreExitCode>
    </PropertyGroup>
</Project>
